
Microsoft Visual Studio Solution File, Format Version 12.00
# Visual Studio Version 17
VisualStudioVersion = 17.11.35327.3
MinimumVisualStudioVersion = 10.0.40219.1
Project("{FAE04EC0-301F-11D3-BF4B-00C04F79EFBC}") = "Ej_24.real", "Ej_24.real\Ej_24.real.csproj", "{42CF0E6A-4D82-4B03-B33A-1CDE2016C626}"
EndProject
Global
	GlobalSection(SolutionConfigurationPlatforms) = preSolution
		Debug|Any CPU = Debug|Any CPU
		Release|Any CPU = Release|Any CPU
	EndGlobalSection
	GlobalSection(ProjectConfigurationPlatforms) = postSolution
		{42CF0E6A-4D82-4B03-B33A-1CDE2016C626}.Debug|Any CPU.ActiveCfg = Debug|Any CPU
		{42CF0E6A-4D82-4B03-B33A-1CDE2016C626}.Debug|Any CPU.Build.0 = Debug|Any CPU
		{42CF0E6A-4D82-4B03-B33A-1CDE2016C626}.Release|Any CPU.ActiveCfg = Release|Any CPU
		{42CF0E6A-4D82-4B03-B33A-1CDE2016C626}.Release|Any CPU.Build.0 = Release|Any CPU
	EndGlobalSection
	GlobalSection(SolutionProperties) = preSolution
		HideSolutionNode = FALSE
	EndGlobalSection
	GlobalSection(ExtensibilityGlobals) = postSolution
		SolutionGuid = {42960770-8095-4893-9C47-483837435D36}
	EndGlobalSection
EndGlobal
